
Microsoft Visual Studio Solution File, Format Version 12.00
# Visual Studio Version 17
VisualStudioVersion = 17.8.34330.188
MinimumVisualStudioVersion = 10.0.40219.1
Project("{9A19103F-16F7-4668-BE54-9A1E7A4F7556}") = "Northwind.OData.Service", "Northwind.OData.Service\Northwind.OData.Service.csproj", "{30F0F3D9-473D-43A4-A68D-CA991AA3C67F}"
EndProject
Project("{FAE04EC0-301F-11D3-BF4B-00C04F79EFBC}") = "Northwind.OData.Client.Mvc", "Northwind.OData.Client.Mvc\Northwind.OData.Client.Mvc.csproj", "{0A9F1FC7-372E-440F-8792-4A2658F4264D}"
EndProject
Global
	GlobalSection(SolutionConfigurationPlatforms) = preSolution
		Debug|Any CPU = Debug|Any CPU
		Release|Any CPU = Release|Any CPU
	EndGlobalSection
	GlobalSection(ProjectConfigurationPlatforms) = postSolution
		{30F0F3D9-473D-43A4-A68D-CA991AA3C67F}.Debug|Any CPU.ActiveCfg = Debug|Any CPU
		{30F0F3D9-473D-43A4-A68D-CA991AA3C67F}.Debug|Any CPU.Build.0 = Debug|Any CPU
		{30F0F3D9-473D-43A4-A68D-CA991AA3C67F}.Release|Any CPU.ActiveCfg = Release|Any CPU
		{30F0F3D9-473D-43A4-A68D-CA991AA3C67F}.Release|Any CPU.Build.0 = Release|Any CPU
		{0A9F1FC7-372E-440F-8792-4A2658F4264D}.Debug|Any CPU.ActiveCfg = Debug|Any CPU
		{0A9F1FC7-372E-440F-8792-4A2658F4264D}.Debug|Any CPU.Build.0 = Debug|Any CPU
		{0A9F1FC7-372E-440F-8792-4A2658F4264D}.Release|Any CPU.ActiveCfg = Release|Any CPU
		{0A9F1FC7-372E-440F-8792-4A2658F4264D}.Release|Any CPU.Build.0 = Release|Any CPU
	EndGlobalSection
	GlobalSection(SolutionProperties) = preSolution
		HideSolutionNode = FALSE
	EndGlobalSection
	GlobalSection(ExtensibilityGlobals) = postSolution
		SolutionGuid = {1A9D9251-0C13-49A7-B43D-5129455AB0D8}
	EndGlobalSection
EndGlobal
